// !$*UTF8*$!
{
	archiveVersion = 1;
	classes = {
	};
	objectVersion = 46;
	objects = {

/* Begin PBXBuildFile section */
		ACE96E771F4BE660002E0809 /* AppDelegate.swift in Sources */ = {isa = PBXBuildFile; fileRef = ACE96E761F4BE660002E0809 /* AppDelegate.swift */; };
		ACE96E791F4BE660002E0809 /* ViewController.swift in Sources */ = {isa = PBXBuildFile; fileRef = ACE96E781F4BE660002E0809 /* ViewController.swift */; };
		ACE96E7C1F4BE660002E0809 /* Main.storyboard in Resources */ = {isa = PBXBuildFile; fileRef = ACE96E7A1F4BE660002E0809 /* Main.storyboard */; };
		ACE96E7E1F4BE660002E0809 /* Assets.xcassets in Resources */ = {isa = PBXBuildFile; fileRef = ACE96E7D1F4BE660002E0809 /* Assets.xcassets */; };
		ACE96E811F4BE660002E0809 /* LaunchScreen.storyboard in Resources */ = {isa = PBXBuildFile; fileRef = ACE96E7F1F4BE660002E0809 /* LaunchScreen.storyboard */; };
/* End PBXBuildFile section */

/* Begin PBXFileReference section */
		ACE96E731F4BE660002E0809 /* iMO.app */ = {isa = PBXFileReference; explicitFileType = wrapper.application; includeInIndex = 0; path = iMO.app; sourceTree = BUILT_PRODUCTS_DIR; };
		ACE96E761F4BE660002E0809 /* AppDelegate.swift */ = {isa = PBXFileReference; lastKnownFileType = sourcecode.swift; path = AppDelegate.swift; sourceTree = "<group>"; };
		ACE96E781F4BE660002E0809 /* ViewController.swift */ = {isa = PBXFileReference; lastKnownFileType = sourcecode.swift; path = ViewController.swift; sourceTree = "<group>"; };
		ACE96E7B1F4BE660002E0809 /* Base */ = {isa = PBXFileReference; lastKnownFileType = file.storyboard; name = Base; path = Base.lproj/Main.storyboard; sourceTree = "<group>"; };
		ACE96E7D1F4BE660002E0809 /* Assets.xcassets */ = {isa = PBXFileReference; lastKnownFileType = folder.assetcatalog; path = Assets.xcassets; sourceTree = "<group>"; };
		ACE96E801F4BE660002E0809 /* Base */ = {isa = PBXFileReference; lastKnownFileType = file.storyboard; name = Base; path = Base.lproj/LaunchScreen.storyboard; sourceTree = "<group>"; };
		ACE96E821F4BE660002E0809 /* Info.plist */ = {isa = PBXFileReference; lastKnownFileType = text.plist.xml; path = Info.plist; sourceTree = "<group>"; };
/* End PBXFileReference section */

/* Begin PBXFrameworksBuildPhase section */
		ACE96E701F4BE660002E0809 /* Frameworks */ = {
			isa = PBXFrameworksBuildPhase;
			buildActionMask = 2147483647;
			files = (
			);
			runOnlyForDeploymentPostprocessing = 0;
		};
/* End PBXFrameworksBuildPhase section */

/* Begin PBXGroup section */
		ACE96E6A1F4BE660002E0809 = {
			isa = PBXGroup;
			children = (
				ACE96E751F4BE660002E0809 /* iMO */,
				ACE96E741F4BE660002E0809 /* Products */,
			);
			sourceTree = "<group>";
		};
		ACE96E741F4BE660002E0809 /* Products */ = {
			isa = PBXGroup;
			children = (
				ACE96E731F4BE660002E0809 /* iMO.app */,
			);
			name = Products;
			sourceTree = "<group>";
		};
		ACE96E751F4BE660002E0809 /* iMO */ = {
			isa = PBXGroup;
			children = (
				ACE96E761F4BE660002E0809 /* AppDelegate.swift */,
				ACE96E781F4BE660002E0809 /* ViewController.swift */,
				ACE96E7A1F4BE660002E0809 /* Main.storyboard */,
				ACE96E7D1F4BE660002E0809 /* Assets.xcassets */,
				ACE96E7F1F4BE660002E0809 /* LaunchScreen.storyboard */,
				ACE96E821F4BE660002E0809 /* Info.plist */,
			);
			path = iMO;
			sourceTree = "<group>";
		};
/* End PBXGroup section */

/* Begin PBXNativeTarget section */
		ACE96E721F4BE660002E0809 /* iMO */ = {
			isa = PBXNativeTarget;
			buildConfigurationList = ACE96E851F4BE660002E0809 /* Build configuration list for PBXNativeTarget "iMO" */;
			buildPhases = (
				ACE96E6F1F4BE660002E0809 /* Sources */,
				ACE96E701F4BE660002E0809 /* Frameworks */,
				ACE96E711F4BE660002E0809 /* Resources */,
			);
			buildRules = (
			);
			dependencies = (
			);
			name = iMO;
			productName = iMO;
			productReference = ACE96E731F4BE660002E0809 /* iMO.app */;
			productType = "com.apple.product-type.application";
		};
/* End PBXNativeTarget section */

/* Begin PBXProject section */
		ACE96E6B1F4BE660002E0809 /* Project object */ = {
			isa = PBXProject;
			attributes = {
				LastSwiftUpdateCheck = 0830;
				LastUpgradeCheck = 0830;
				ORGANIZATIONNAME = "Ken Van den Enden";
				TargetAttributes = {
					ACE96E721F4BE660002E0809 = {
						CreatedOnToolsVersion = 8.3.3;
						DevelopmentTeam = N4688663R4;
						ProvisioningStyle = Automatic;
					};
				};
			};
			buildConfigurationList = ACE96E6E1F4BE660002E0809 /* Build configuration list for PBXProject "iMO" */;
			compatibilityVersion = "Xcode 3.2";
			developmentRegion = English;
			hasScannedForEncodings = 0;
			knownRegions = (
				en,
				Base,
			);
			mainGroup = ACE96E6A1F4BE660002E0809;
			productRefGroup = ACE96E741F4BE660002E0809 /* Products */;
			projectDirPath = "";
			projectRoot = "";
			targets = (
				ACE96E721F4BE660002E0809 /* iMO */,
			);
		};
/* End PBXProject section */

/* Begin PBXResourcesBuildPhase section */
		ACE96E711F4BE660002E0809 /* Resources */ = {
			isa = PBXResourcesBuildPhase;
			buildActionMask = 2147483647;
			files = (
				ACE96E811F4BE660002E0809 /* LaunchScreen.storyboard in Resources */,
				ACE96E7E1F4BE660002E0809 /* Assets.xcassets in Resources */,
				ACE96E7C1F4BE660002E0809 /* Main.storyboard in Resources */,
			);
			runOnlyForDeploymentPostprocessing = 0;
		};
/* End PBXResourcesBuildPhase section */

/* Begin PBXSourcesBuildPhase section */
		ACE96E6F1F4BE660002E0809 /* Sources */ = {
			isa = PBXSourcesBuildPhase;
			buildActionMask = 2147483647;
			files = (
				ACE96E791F4BE660002E0809 /* ViewController.swift in Sources */,
				ACE96E771F4BE660002E0809 /* AppDelegate.swift in Sources */,
			);
			runOnlyForDeploymentPostprocessing = 0;
		};
/* End PBXSourcesBuildPhase section */

/* Begin PBXVariantGroup section */
		ACE96E7A1F4BE660002E0809 /* Main.storyboard */ = {
			isa = PBXVariantGroup;
			children = (
				ACE96E7B1F4BE660002E0809 /* Base */,
			);
			name = Main.storyboard;
			sourceTree = "<group>";
		};
		ACE96E7F1F4BE660002E0809 /* LaunchScreen.storyboard */ = {
			isa = PBXVariantGroup;
			children = (
				ACE96E801F4BE660002E0809 /* Base */,
			);
			name = LaunchScreen.storyboard;
			sourceTree = "<group>";
		};
/* End PBXVariantGroup section */

/* Begin XCBuildConfiguration section */
		ACE96E831F4BE660002E0809 /* Debug */ = {
			isa = XCBuildConfiguration;
			buildSettings = {
				ALWAYS_SEARCH_USER_PATHS = NO;
				CLANG_ANALYZER_NONNULL = YES;
				CLANG_ANALYZER_NUMBER_OBJECT_CONVERSION = YES_AGGRESSIVE;
				CLANG_CXX_LANGUAGE_STANDARD = "gnu++0x";
				CLANG_CXX_LIBRARY = "libc++";
				CLANG_ENABLE_MODULES = YES;
				CLANG_ENABLE_OBJC_ARC = YES;
				CLANG_WARN_BOOL_CONVERSION = YES;
				CLANG_WARN_CONSTANT_CONVERSION = YES;
				CLANG_WARN_DIRECT_OBJC_ISA_USAGE = YES_ERROR;
				CLANG_WARN_DOCUMENTATION_COMMENTS = YES;
				CLANG_WARN_EMPTY_BODY = YES;
				CLANG_WARN_ENUM_CONVERSION = YES;
				CLANG_WARN_INFINITE_RECURSION = YES;
				CLANG_WARN_INT_CONVERSION = YES;
				CLANG_WARN_OBJC_ROOT_CLASS = YES_ERROR;
				CLANG_WARN_SUSPICIOUS_MOVE = YES;
				CLANG_WARN_UNREACHABLE_CODE = YES;
				CLANG_WARN__DUPLICATE_METHOD_MATCH = YES;
				"CODE_SIGN_IDENTITY[sdk=iphoneos*]" = "iPhone Developer";
				COPY_PHASE_STRIP = NO;
				DEBUG_INFORMATION_FORMAT = dwarf;
				ENABLE_STRICT_OBJC_MSGSEND = YES;
				ENABLE_TESTABILITY = YES;
				GCC_C_LANGUAGE_STANDARD = gnu99;
				GCC_DYNAMIC_NO_PIC = NO;
				GCC_NO_COMMON_BLOCKS = YES;
				GCC_OPTIMIZATION_LEVEL = 0;
				GCC_PREPROCESSOR_DEFINITIONS = (
					"DEBUG=1",
					"$(inherited)",
				);
				GCC_WARN_64_TO_32_BIT_CONVERSION = YES;
				GCC_WARN_ABOUT_RETURN_TYPE = YES_ERROR;
				GCC_WARN_UNDECLARED_SELECTOR = YES;
				GCC_WARN_UNINITIALIZED_AUTOS = YES_AGGRESSIVE;
				GCC_WARN_UNUSED_FUNCTION = YES;
				GCC_WARN_UNUSED_VARIABLE = YES;
				IPHONEOS_DEPLOYMENT_TARGET = 10.3;
				MTL_ENABLE_DEBUG_INFO = YES;
				ONLY_ACTIVE_ARCH = YES;
				SDKROOT = iphoneos;
				SWIFT_ACTIVE_COMPILATION_CONDITIONS = DEBUG;
				SWIFT_OPTIMIZATION_LEVEL = "-Onone";
			};
			name = Debug;
		};
		ACE96E841F4BE660002E0809 /* Release */ = {
			isa = XCBuildConfiguration;
			buildSettings = {
				ALWAYS_SEARCH_USER_PATHS = NO;
				CLANG_ANALYZER_NONNULL = YES;
				CLANG_ANALYZER_NUMBER_OBJECT_CONVERSION = YES_AGGRESSIVE;
				CLANG_CXX_LANGUAGE_STANDARD = "gnu++0x";
				CLANG_CXX_LIBRARY = "libc++";
				CLANG_ENABLE_MODULES = YES;
				CLANG_ENABLE_OBJC_ARC = YES;
				CLANG_WARN_BOOL_CONVERSION = YES;
				CLANG_WARN_CONSTANT_CONVERSION = YES;
				CLANG_WARN_DIRECT_OBJC_ISA_USAGE = YES_ERROR;
				CLANG_WARN_DOCUMENTATION_COMMENTS = YES;
				CLANG_WARN_EMPTY_BODY = YES;
				CLANG_WARN_ENUM_CONVERSION = YES;
				CLANG_WARN_INFINITE_RECURSION = YES;
				CLANG_WARN_INT_CONVERSION = YES;
				CLANG_WARN_OBJC_ROOT_CLASS = YES_ERROR;
				CLANG_WARN_SUSPICIOUS_MOVE = YES;
				CLANG_WARN_UNREACHABLE_CODE = YES;
				CLANG_WARN__DUPLICATE_METHOD_MATCH = YES;
				"CODE_SIGN_IDENTITY[sdk=iphoneos*]" = "iPhone Developer";
				COPY_PHASE_STRIP = NO;
				DEBUG_INFORMATION_FORMAT = "dwarf-with-dsym";
				ENABLE_NS_ASSERTIONS = NO;
				ENABLE_STRICT_OBJC_MSGSEND = YES;
				GCC_C_LANGUAGE_STANDARD = gnu99;
				GCC_NO_COMMON_BLOCKS = YES;
				GCC_WARN_64_TO_32_BIT_CONVERSION = YES;
				GCC_WARN_ABOUT_RETURN_TYPE = YES_ERROR;
				GCC_WARN_UNDECLARED_SELECTOR = YES;
				GCC_WARN_UNINITIALIZED_AUTOS = YES_AGGRESSIVE;
				GCC_WARN_UNUSED_FUNCTION = YES;
				GCC_WARN_UNUSED_VARIABLE = YES;
				IPHONEOS_DEPLOYMENT_TARGET = 10.3;
				MTL_ENABLE_DEBUG_INFO = NO;
				SDKROOT = iphoneos;
				SWIFT_OPTIMIZATION_LEVEL = "-Owholemodule";
				VALIDATE_PRODUCT = YES;
			};
			name = Release;
		};
		ACE96E861F4BE660002E0809 /* Debug */ = {
			isa = XCBuildConfiguration;
			buildSettings = {
				ASSETCATALOG_COMPILER_APPICON_NAME = AppIcon;
				DEVELOPMENT_TEAM = N4688663R4;
				INFOPLIST_FILE = iMO/Info.plist;
				LD_RUNPATH_SEARCH_PATHS = "$(inherited) @executable_path/Frameworks";
				PRODUCT_BUNDLE_IDENTIFIER = be.enden.iMO;
				PRODUCT_NAME = "$(TARGET_NAME)";
				SWIFT_VERSION = 3.0;
			};
			name = Debug;
		};
		ACE96E871F4BE660002E0809 /* Release */ = {
			isa = XCBuildConfiguration;
			buildSettings = {
				ASSETCATALOG_COMPILER_APPICON_NAME = AppIcon;
				DEVELOPMENT_TEAM = N4688663R4;
				INFOPLIST_FILE = iMO/Info.plist;
				LD_RUNPATH_SEARCH_PATHS = "$(inherited) @executable_path/Frameworks";
				PRODUCT_BUNDLE_IDENTIFIER = be.enden.iMO;
				PRODUCT_NAME = "$(TARGET_NAME)";
				SWIFT_VERSION = 3.0;
			};
			name = Release;
		};
/* End XCBuildConfiguration section */

/* Begin XCConfigurationList section */
		ACE96E6E1F4BE660002E0809 /* Build configuration list for PBXProject "iMO" */ = {
			isa = XCConfigurationList;
			buildConfigurations = (
				ACE96E831F4BE660002E0809 /* Debug */,
				ACE96E841F4BE660002E0809 /* Release */,
			);
			defaultConfigurationIsVisible = 0;
			defaultConfigurationName = Release;
		};
		ACE96E851F4BE660002E0809 /* Build configuration list for PBXNativeTarget "iMO" */ = {
			isa = XCConfigurationList;
			buildConfigurations = (
				ACE96E861F4BE660002E0809 /* Debug */,
				ACE96E871F4BE660002E0809 /* Release */,
			);
			defaultConfigurationIsVisible = 0;
		};
/* End XCConfigurationList section */
	};
	rootObject = ACE96E6B1F4BE660002E0809 /* Project object */;
}
